
Microsoft Visual Studio Solution File, Format Version 12.00
# Visual Studio Version 17
VisualStudioVersion = 17.0.32112.339
MinimumVisualStudioVersion = 10.0.40219.1
Project("{FAE04EC0-301F-11D3-BF4B-00C04F79EFBC}") = "LeaningCSharp", "LeaningCSharp\LeaningCSharp.csproj", "{9A6FC00B-1424-4857-9FA0-1A778C834D5B}"
EndProject
Project("{9A19103F-16F7-4668-BE54-9A1E7A4F7556}") = "OOPS", "..\OOPS\OOPS\OOPS.csproj", "{9A61CC5E-5AA2-44C9-9409-1FC5FBBA7E9F}"
EndProject
Project("{FAE04EC0-301F-11D3-BF4B-00C04F79EFBC}") = "ShopBridge", "..\ShopBridge\ShopBridge.csproj", "{A7AC39D4-F0C6-4F35-BEE9-EC3F0D79F883}"
EndProject
Project("{9A19103F-16F7-4668-BE54-9A1E7A4F7556}") = "API", "..\API\API\API.csproj", "{1154A48B-C455-4678-8FBE-73B2AE8EE36B}"
EndProject
Global
	GlobalSection(SolutionConfigurationPlatforms) = preSolution
		Debug|Any CPU = Debug|Any CPU
		Release|Any CPU = Release|Any CPU
	EndGlobalSection
	GlobalSection(ProjectConfigurationPlatforms) = postSolution
		{9A6FC00B-1424-4857-9FA0-1A778C834D5B}.Debug|Any CPU.ActiveCfg = Debug|Any CPU
		{9A6FC00B-1424-4857-9FA0-1A778C834D5B}.Debug|Any CPU.Build.0 = Debug|Any CPU
		{9A6FC00B-1424-4857-9FA0-1A778C834D5B}.Release|Any CPU.ActiveCfg = Release|Any CPU
		{9A6FC00B-1424-4857-9FA0-1A778C834D5B}.Release|Any CPU.Build.0 = Release|Any CPU
		{9A61CC5E-5AA2-44C9-9409-1FC5FBBA7E9F}.Debug|Any CPU.ActiveCfg = Debug|Any CPU
		{9A61CC5E-5AA2-44C9-9409-1FC5FBBA7E9F}.Debug|Any CPU.Build.0 = Debug|Any CPU
		{9A61CC5E-5AA2-44C9-9409-1FC5FBBA7E9F}.Release|Any CPU.ActiveCfg = Release|Any CPU
		{9A61CC5E-5AA2-44C9-9409-1FC5FBBA7E9F}.Release|Any CPU.Build.0 = Release|Any CPU
		{A7AC39D4-F0C6-4F35-BEE9-EC3F0D79F883}.Debug|Any CPU.ActiveCfg = Debug|Any CPU
		{A7AC39D4-F0C6-4F35-BEE9-EC3F0D79F883}.Debug|Any CPU.Build.0 = Debug|Any CPU
		{A7AC39D4-F0C6-4F35-BEE9-EC3F0D79F883}.Release|Any CPU.ActiveCfg = Release|Any CPU
		{A7AC39D4-F0C6-4F35-BEE9-EC3F0D79F883}.Release|Any CPU.Build.0 = Release|Any CPU
		{1154A48B-C455-4678-8FBE-73B2AE8EE36B}.Debug|Any CPU.ActiveCfg = Debug|Any CPU
		{1154A48B-C455-4678-8FBE-73B2AE8EE36B}.Debug|Any CPU.Build.0 = Debug|Any CPU
		{1154A48B-C455-4678-8FBE-73B2AE8EE36B}.Release|Any CPU.ActiveCfg = Release|Any CPU
		{1154A48B-C455-4678-8FBE-73B2AE8EE36B}.Release|Any CPU.Build.0 = Release|Any CPU
	EndGlobalSection
	GlobalSection(SolutionProperties) = preSolution
		HideSolutionNode = FALSE
	EndGlobalSection
	GlobalSection(ExtensibilityGlobals) = postSolution
		SolutionGuid = {33EFA92C-3F72-4AB0-98DA-8A5AD8213C5C}
	EndGlobalSection
EndGlobal
